# Generated by buf. DO NOT EDIT.
version: v1
deps:
  - remote: buf.build
    owner: gogo
    repository: protobuf
    commit: 5461a3dfa9d941da82028ab185dc2a0e
  - remote: buf.build
    owner: googleapis
    repository: googleapis
    commit: faacf837d7304c58b7c9020c7807fa6e
  - remote: buf.build
    owner: opentelemetry
    repository: opentelemetry
    commit: 038316eb65414db8bb0cd88c47a4ee0f
